// !$*UTF8*$!
{
	archiveVersion = 1;
	classes = {
	};
	objectVersion = 77;
	objects = {

/* Begin PBXBuildFile section */
		B61BF44E2FEAF21600F58A8C /* BigInt in Frameworks */ = {isa = PBXBuildFile; productRef = B61BF44D2FEAF21600F58A8C /* BigInt */; };
		B62191D62F68221400DB6B2F /* PlatformImage.swift in Sources */ = {isa = PBXBuildFile; fileRef = B62191D52F68221400DB6B2F /* PlatformImage.swift */; };
		B6BD6A242FC70BB100007593 /* RichTextKit in Frameworks */ = {isa = PBXBuildFile; productRef = B6BD6A232FC70BB100007593 /* RichTextKit */; };
		B6F041832FE0CEF400B53555 /* Core451 in Frameworks */ = {isa = PBXBuildFile; productRef = B6F041822FE0CEF400B53555 /* Core451 */; };
/* End PBXBuildFile section */

/* Begin PBXContainerItemProxy section */
		86A28B6B2E6EFB5B00C25AF1 /* PBXContainerItemProxy */ = {
			isa = PBXContainerItemProxy;
			containerPortal = 86A28B552E6EFB5700C25AF1 /* Project object */;
			proxyType = 1;
			remoteGlobalIDString = 86A28B5C2E6EFB5800C25AF1;
			remoteInfo = wordsmatter;
		};
		86A28B752E6EFB5B00C25AF1 /* PBXContainerItemProxy */ = {
			isa = PBXContainerItemProxy;
			containerPortal = 86A28B552E6EFB5700C25AF1 /* Project object */;
			proxyType = 1;
			remoteGlobalIDString = 86A28B5C2E6EFB5800C25AF1;
			remoteInfo = wordsmatter;
		};
/* End PBXContainerItemProxy section */

/* Begin PBXCopyFilesBuildPhase section */
		8647FBE42E71B8240052666E /* Embed Foundation Extensions */ = {
			isa = PBXCopyFilesBuildPhase;
			buildActionMask = 2147483647;
			dstPath = "";
			dstSubfolderSpec = 13;
			files = (
			);
			name = "Embed Foundation Extensions";
			runOnlyForDeploymentPostprocessing = 0;
		};
/* End PBXCopyFilesBuildPhase section */

/* Begin PBXFileReference section */
		860328EB2E71EC0200201CCD /* ActivityKit.framework */ = {isa = PBXFileReference; lastKnownFileType = wrapper.framework; name = ActivityKit.framework; path = Platforms/iPhoneOS.platform/Developer/SDKs/iPhoneOS26.0.sdk/System/Library/Frameworks/ActivityKit.framework; sourceTree = DEVELOPER_DIR; };
		8647FBCB2E71B8220052666E /* WidgetKit.framework */ = {isa = PBXFileReference; lastKnownFileType = wrapper.framework; name = WidgetKit.framework; path = System/Library/Frameworks/WidgetKit.framework; sourceTree = SDKROOT; };
		8647FBCD2E71B8220052666E /* SwiftUI.framework */ = {isa = PBXFileReference; lastKnownFileType = wrapper.framework; name = SwiftUI.framework; path = System/Library/Frameworks/SwiftUI.framework; sourceTree = SDKROOT; };
		86A28B5D2E6EFB5800C25AF1 /* thesis.app */ = {isa = PBXFileReference; explicitFileType = wrapper.application; includeInIndex = 0; path = thesis.app; sourceTree = BUILT_PRODUCTS_DIR; };
		86A28B6A2E6EFB5B00C25AF1 /* thesisTests.xctest */ = {isa = PBXFileReference; explicitFileType = wrapper.cfbundle; includeInIndex = 0; path = thesisTests.xctest; sourceTree = BUILT_PRODUCTS_DIR; };
		86A28B742E6EFB5B00C25AF1 /* thesisUITests.xctest */ = {isa = PBXFileReference; explicitFileType = wrapper.cfbundle; includeInIndex = 0; path = thesisUITests.xctest; sourceTree = BUILT_PRODUCTS_DIR; };
		A457B4FB43074012B9189F4D /* Signator.app */ = {isa = PBXFileReference; explicitFileType = wrapper.application; includeInIndex = 0; path = Signator.app; sourceTree = BUILT_PRODUCTS_DIR; };
		B62191D52F68221400DB6B2F /* PlatformImage.swift */ = {isa = PBXFileReference; lastKnownFileType = sourcecode.swift; path = PlatformImage.swift; sourceTree = "<group>"; };
		B67581A72FC70AC500104D92 /* Core451 */ = {isa = PBXFileReference; lastKnownFileType = wrapper; name = Core451; path = ../Core451; sourceTree = "<group>"; };
/* End PBXFileReference section */

/* Begin PBXFileSystemSynchronizedBuildFileExceptionSet section */
		8647FBEA2E71BBA50052666E /* Exceptions for "thesis" folder in "thesis" target */ = {
			isa = PBXFileSystemSynchronizedBuildFileExceptionSet;
			membershipExceptions = (
				NicelyDoneLiveActivity.swift,
			);
			target = 86A28B5C2E6EFB5800C25AF1 /* thesis */;
		};
		B7C55DE77A1A40B5B5F29565 /* Exceptions for "Signator/Signator" folder in "Signator" target */ = {
			isa = PBXFileSystemSynchronizedBuildFileExceptionSet;
			membershipExceptions = (
				DocumentSigningIntegrationExamples.swift2,
				DocumentSigningServiceTests.swift2,
				Info.plist,
			);
			target = 7F24139C749E442CB4C4BC03 /* Signator */;
		};
/* End PBXFileSystemSynchronizedBuildFileExceptionSet section */

/* Begin PBXFileSystemSynchronizedGroupBuildPhaseMembershipExceptionSet section */
		9C918CD665364F40AA6ADDBC /* Exceptions for "Signator/Signator" folder in "Compile Sources" phase from "Signator" target */ = {
			isa = PBXFileSystemSynchronizedGroupBuildPhaseMembershipExceptionSet;
			buildPhase = 43B24B4653AC4B7C86DFFADB /* Sources */;
			membershipExceptions = (
				DocumentSigningIntegrationExamples.swift2,
				DocumentSigningServiceTests.swift2,
			);
		};
/* End PBXFileSystemSynchronizedGroupBuildPhaseMembershipExceptionSet section */

/* Begin PBXFileSystemSynchronizedRootGroup section */
		86A28B5F2E6EFB5800C25AF1 /* thesis */ = {
			isa = PBXFileSystemSynchronizedRootGroup;
			exceptions = (
				8647FBEA2E71BBA50052666E /* Exceptions for "thesis" folder in "thesis" target */,
			);
			path = thesis;
			sourceTree = "<group>";
		};
		86A28B6D2E6EFB5B00C25AF1 /* wordsmatterTests */ = {
			isa = PBXFileSystemSynchronizedRootGroup;
			path = wordsmatterTests;
			sourceTree = "<group>";
		};
		86A28B772E6EFB5B00C25AF1 /* wordsmatterUITests */ = {
			isa = PBXFileSystemSynchronizedRootGroup;
			path = wordsmatterUITests;
			sourceTree = "<group>";
		};
		A19F41962215402FB03562AC /* Signator/Signator */ = {
			isa = PBXFileSystemSynchronizedRootGroup;
			exceptions = (
				B7C55DE77A1A40B5B5F29565 /* Exceptions for "Signator/Signator" folder in "Signator" target */,
				9C918CD665364F40AA6ADDBC /* Exceptions for "Signator/Signator" folder in "Compile Sources" phase from "Signator" target */,
			);
			path = Signator/Signator;
			sourceTree = "<group>";
		};
/* End PBXFileSystemSynchronizedRootGroup section */

/* Begin PBXFrameworksBuildPhase section */
		4D306EA58F30476BA22065DD /* Frameworks */ = {
			isa = PBXFrameworksBuildPhase;
			buildActionMask = 2147483647;
			files = (
			);
			runOnlyForDeploymentPostprocessing = 0;
		};
		86A28B5A2E6EFB5800C25AF1 /* Frameworks */ = {
			isa = PBXFrameworksBuildPhase;
			buildActionMask = 2147483647;
			files = (
				B61BF44E2FEAF21600F58A8C /* BigInt in Frameworks */,
				B6F041832FE0CEF400B53555 /* Core451 in Frameworks */,
				B6BD6A242FC70BB100007593 /* RichTextKit in Frameworks */,
			);
			runOnlyForDeploymentPostprocessing = 0;
		};
		86A28B672E6EFB5B00C25AF1 /* Frameworks */ = {
			isa = PBXFrameworksBuildPhase;
			buildActionMask = 2147483647;
			files = (
			);
			runOnlyForDeploymentPostprocessing = 0;
		};
		86A28B712E6EFB5B00C25AF1 /* Frameworks */ = {
			isa = PBXFrameworksBuildPhase;
			buildActionMask = 2147483647;
			files = (
			);
			runOnlyForDeploymentPostprocessing = 0;
		};
/* End PBXFrameworksBuildPhase section */

/* Begin PBXGroup section */
		8647FBCA2E71B8220052666E /* Frameworks */ = {
			isa = PBXGroup;
			children = (
				B67581A72FC70AC500104D92 /* Core451 */,
				860328EB2E71EC0200201CCD /* ActivityKit.framework */,
				8647FBCB2E71B8220052666E /* WidgetKit.framework */,
				8647FBCD2E71B8220052666E /* SwiftUI.framework */,
			);
			name = Frameworks;
			sourceTree = "<group>";
		};
		86A28B542E6EFB5700C25AF1 = {
			isa = PBXGroup;
			children = (
				86A28B5F2E6EFB5800C25AF1 /* thesis */,
				A19F41962215402FB03562AC /* Signator/Signator */,
				86A28B6D2E6EFB5B00C25AF1 /* wordsmatterTests */,
				86A28B772E6EFB5B00C25AF1 /* wordsmatterUITests */,
				8647FBCA2E71B8220052666E /* Frameworks */,
				86A28B5E2E6EFB5800C25AF1 /* Products */,
				B62191D52F68221400DB6B2F /* PlatformImage.swift */,
			);
			sourceTree = "<group>";
		};
		86A28B5E2E6EFB5800C25AF1 /* Products */ = {
			isa = PBXGroup;
			children = (
				86A28B5D2E6EFB5800C25AF1 /* thesis.app */,
				A457B4FB43074012B9189F4D /* Signator.app */,
				86A28B6A2E6EFB5B00C25AF1 /* thesisTests.xctest */,
				86A28B742E6EFB5B00C25AF1 /* thesisUITests.xctest */,
			);
			name = Products;
			sourceTree = "<group>";
		};
/* End PBXGroup section */

/* Begin PBXNativeTarget section */
		7F24139C749E442CB4C4BC03 /* Signator */ = {
			isa = PBXNativeTarget;
			buildConfigurationList = 758A70EC281F4439BAD23549 /* Build configuration list for PBXNativeTarget "Signator" */;
			buildPhases = (
				43B24B4653AC4B7C86DFFADB /* Sources */,
				4D306EA58F30476BA22065DD /* Frameworks */,
				C43796839AF84DEFBC86C54C /* Resources */,
			);
			buildRules = (
			);
			dependencies = (
			);
			fileSystemSynchronizedGroups = (
				A19F41962215402FB03562AC /* Signator/Signator */,
			);
			name = Signator;
			packageProductDependencies = (
			);
			productName = Signator;
			productReference = A457B4FB43074012B9189F4D /* Signator.app */;
			productType = "com.apple.product-type.application";
		};
		86A28B5C2E6EFB5800C25AF1 /* thesis */ = {
			isa = PBXNativeTarget;
			buildConfigurationList = 86A28B7E2E6EFB5B00C25AF1 /* Build configuration list for PBXNativeTarget "thesis" */;
			buildPhases = (
				86A28B592E6EFB5800C25AF1 /* Sources */,
				86A28B5A2E6EFB5800C25AF1 /* Frameworks */,
				86A28B5B2E6EFB5800C25AF1 /* Resources */,
				8647FBE42E71B8240052666E /* Embed Foundation Extensions */,
			);
			buildRules = (
			);
			dependencies = (
			);
			fileSystemSynchronizedGroups = (
				86A28B5F2E6EFB5800C25AF1 /* thesis */,
			);
			name = thesis;
			packageProductDependencies = (
				B6BD6A232FC70BB100007593 /* RichTextKit */,
				B6F041822FE0CEF400B53555 /* Core451 */,
				B61BF44D2FEAF21600F58A8C /* BigInt */,
			);
			productName = wordsmatter;
			productReference = 86A28B5D2E6EFB5800C25AF1 /* thesis.app */;
			productType = "com.apple.product-type.application";
		};
		86A28B692E6EFB5B00C25AF1 /* thesisTests */ = {
			isa = PBXNativeTarget;
			buildConfigurationList = 86A28B812E6EFB5B00C25AF1 /* Build configuration list for PBXNativeTarget "thesisTests" */;
			buildPhases = (
				86A28B662E6EFB5B00C25AF1 /* Sources */,
				86A28B672E6EFB5B00C25AF1 /* Frameworks */,
				86A28B682E6EFB5B00C25AF1 /* Resources */,
			);
			buildRules = (
			);
			dependencies = (
				86A28B6C2E6EFB5B00C25AF1 /* PBXTargetDependency */,
			);
			fileSystemSynchronizedGroups = (
				86A28B6D2E6EFB5B00C25AF1 /* wordsmatterTests */,
			);
			name = thesisTests;
			packageProductDependencies = (
			);
			productName = wordsmatterTests;
			productReference = 86A28B6A2E6EFB5B00C25AF1 /* thesisTests.xctest */;
			productType = "com.apple.product-type.bundle.unit-test";
		};
		86A28B732E6EFB5B00C25AF1 /* thesisUITests */ = {
			isa = PBXNativeTarget;
			buildConfigurationList = 86A28B842E6EFB5B00C25AF1 /* Build configuration list for PBXNativeTarget "thesisUITests" */;
			buildPhases = (
				86A28B702E6EFB5B00C25AF1 /* Sources */,
				86A28B712E6EFB5B00C25AF1 /* Frameworks */,
				86A28B722E6EFB5B00C25AF1 /* Resources */,
			);
			buildRules = (
			);
			dependencies = (
				86A28B762E6EFB5B00C25AF1 /* PBXTargetDependency */,
			);
			fileSystemSynchronizedGroups = (
				86A28B772E6EFB5B00C25AF1 /* wordsmatterUITests */,
			);
			name = thesisUITests;
			packageProductDependencies = (
			);
			productName = wordsmatterUITests;
			productReference = 86A28B742E6EFB5B00C25AF1 /* thesisUITests.xctest */;
			productType = "com.apple.product-type.bundle.ui-testing";
		};
/* End PBXNativeTarget section */

/* Begin PBXProject section */
		86A28B552E6EFB5700C25AF1 /* Project object */ = {
			isa = PBXProject;
			attributes = {
				BuildIndependentTargetsInParallel = 1;
				LastSwiftUpdateCheck = 2600;
				LastUpgradeCheck = 2600;
				TargetAttributes = {
					86A28B5C2E6EFB5800C25AF1 = {
						CreatedOnToolsVersion = 26.0;
					};
					86A28B692E6EFB5B00C25AF1 = {
						CreatedOnToolsVersion = 26.0;
						TestTargetID = 86A28B5C2E6EFB5800C25AF1;
					};
					86A28B732E6EFB5B00C25AF1 = {
						CreatedOnToolsVersion = 26.0;
						TestTargetID = 86A28B5C2E6EFB5800C25AF1;
					};
				};
			};
			buildConfigurationList = 86A28B582E6EFB5700C25AF1 /* Build configuration list for PBXProject "451Clients" */;
			developmentRegion = en;
			hasScannedForEncodings = 0;
			knownRegions = (
				en,
				Base,
			);
			mainGroup = 86A28B542E6EFB5700C25AF1;
			minimizedProjectReferenceProxies = 1;
			packageReferences = (
				B67581A82FC70B1500104D92 /* XCRemoteSwiftPackageReference "RichTextKit" */,
				B6F041812FE0CEDF00B53555 /* XCLocalSwiftPackageReference "451Core" */,
				B61BF44C2FEAF21600F58A8C /* XCRemoteSwiftPackageReference "BigInt" */,
			);
			preferredProjectObjectVersion = 77;
			productRefGroup = 86A28B5E2E6EFB5800C25AF1 /* Products */;
			projectDirPath = "";
			projectRoot = "";
			targets = (
				86A28B5C2E6EFB5800C25AF1 /* thesis */,
				86A28B692E6EFB5B00C25AF1 /* thesisTests */,
				86A28B732E6EFB5B00C25AF1 /* thesisUITests */,
				7F24139C749E442CB4C4BC03 /* Signator */,
			);
		};
/* End PBXProject section */

/* Begin PBXResourcesBuildPhase section */
		86A28B5B2E6EFB5800C25AF1 /* Resources */ = {
			isa = PBXResourcesBuildPhase;
			buildActionMask = 2147483647;
			files = (
			);
			runOnlyForDeploymentPostprocessing = 0;
		};
		86A28B682E6EFB5B00C25AF1 /* Resources */ = {
			isa = PBXResourcesBuildPhase;
			buildActionMask = 2147483647;
			files = (
			);
			runOnlyForDeploymentPostprocessing = 0;
		};
		86A28B722E6EFB5B00C25AF1 /* Resources */ = {
			isa = PBXResourcesBuildPhase;
			buildActionMask = 2147483647;
			files = (
			);
			runOnlyForDeploymentPostprocessing = 0;
		};
		C43796839AF84DEFBC86C54C /* Resources */ = {
			isa = PBXResourcesBuildPhase;
			buildActionMask = 2147483647;
			files = (
			);
			runOnlyForDeploymentPostprocessing = 0;
		};
/* End PBXResourcesBuildPhase section */

/* Begin PBXSourcesBuildPhase section */
		43B24B4653AC4B7C86DFFADB /* Sources */ = {
			isa = PBXSourcesBuildPhase;
			buildActionMask = 2147483647;
			files = (
			);
			runOnlyForDeploymentPostprocessing = 0;
		};
		86A28B592E6EFB5800C25AF1 /* Sources */ = {
			isa = PBXSourcesBuildPhase;
			buildActionMask = 2147483647;
			files = (
				B62191D62F68221400DB6B2F /* PlatformImage.swift in Sources */,
			);
			runOnlyForDeploymentPostprocessing = 0;
		};
		86A28B662E6EFB5B00C25AF1 /* Sources */ = {
			isa = PBXSourcesBuildPhase;
			buildActionMask = 2147483647;
			files = (
			);
			runOnlyForDeploymentPostprocessing = 0;
		};
		86A28B702E6EFB5B00C25AF1 /* Sources */ = {
			isa = PBXSourcesBuildPhase;
			buildActionMask = 2147483647;
			files = (
			);
			runOnlyForDeploymentPostprocessing = 0;
		};
/* End PBXSourcesBuildPhase section */

/* Begin PBXTargetDependency section */
		86A28B6C2E6EFB5B00C25AF1 /* PBXTargetDependency */ = {
			isa = PBXTargetDependency;
			target = 86A28B5C2E6EFB5800C25AF1 /* thesis */;
			targetProxy = 86A28B6B2E6EFB5B00C25AF1 /* PBXContainerItemProxy */;
		};
		86A28B762E6EFB5B00C25AF1 /* PBXTargetDependency */ = {
			isa = PBXTargetDependency;
			target = 86A28B5C2E6EFB5800C25AF1 /* thesis */;
			targetProxy = 86A28B752E6EFB5B00C25AF1 /* PBXContainerItemProxy */;
		};
/* End PBXTargetDependency section */

/* Begin XCBuildConfiguration section */
		4F5021B2BFAD4C35A05F1044 /* Debug */ = {
			isa = XCBuildConfiguration;
			buildSettings = {
				ASSETCATALOG_COMPILER_APPICON_NAME = AppIcon;
				ASSETCATALOG_COMPILER_GLOBAL_ACCENT_COLOR_NAME = AccentColor;
				CODE_SIGN_ENTITLEMENTS = Signator/Signator/Signator.entitlements;
				CODE_SIGN_STYLE = Automatic;
				CURRENT_PROJECT_VERSION = 1;
				DEVELOPMENT_TEAM = C663R69DZ8;
				ENABLE_PREVIEWS = YES;
				GENERATE_INFOPLIST_FILE = YES;
				INFOPLIST_FILE = Signator/Signator/Info.plist;
				"INFOPLIST_KEY_UIApplicationSceneManifest_Generation[sdk=iphoneos*]" = YES;
				"INFOPLIST_KEY_UIApplicationSceneManifest_Generation[sdk=iphonesimulator*]" = YES;
				"INFOPLIST_KEY_UIApplicationSupportsIndirectInputEvents[sdk=iphoneos*]" = YES;
				"INFOPLIST_KEY_UIApplicationSupportsIndirectInputEvents[sdk=iphonesimulator*]" = YES;
				"INFOPLIST_KEY_UILaunchScreen_Generation[sdk=iphoneos*]" = YES;
				"INFOPLIST_KEY_UILaunchScreen_Generation[sdk=iphonesimulator*]" = YES;
				"INFOPLIST_KEY_UIStatusBarStyle[sdk=iphoneos*]" = UIStatusBarStyleDefault;
				"INFOPLIST_KEY_UIStatusBarStyle[sdk=iphonesimulator*]" = UIStatusBarStyleDefault;
				INFOPLIST_KEY_UISupportedInterfaceOrientations_iPad = "UIInterfaceOrientationPortrait UIInterfaceOrientationPortraitUpsideDown UIInterfaceOrientationLandscapeLeft UIInterfaceOrientationLandscapeRight";
				INFOPLIST_KEY_UISupportedInterfaceOrientations_iPhone = "UIInterfaceOrientationPortrait UIInterfaceOrientationLandscapeLeft UIInterfaceOrientationLandscapeRight";
				IPHONEOS_DEPLOYMENT_TARGET = 18.4;
				LD_RUNPATH_SEARCH_PATHS = "@executable_path/Frameworks";
				"LD_RUNPATH_SEARCH_PATHS[sdk=macosx*]" = "@executable_path/../Frameworks";
				MACOSX_DEPLOYMENT_TARGET = 15.4;
				MARKETING_VERSION = 1.0;
				PRODUCT_BUNDLE_IDENTIFIER = info.451.signator;
				PRODUCT_NAME = "$(TARGET_NAME)";
				REGISTER_APP_GROUPS = YES;
				SDKROOT = auto;
				SUPPORTED_PLATFORMS = "iphoneos iphonesimulator macosx xros xrsimulator";
				SWIFT_EMIT_LOC_STRINGS = YES;
				SWIFT_VERSION = 5.0;
				TARGETED_DEVICE_FAMILY = "1,2,7";
				XROS_DEPLOYMENT_TARGET = 2.4;
			};
			name = Debug;
		};
		86A28B7C2E6EFB5B00C25AF1 /* Debug */ = {
			isa = XCBuildConfiguration;
			buildSettings = {
				ALWAYS_SEARCH_USER_PATHS = NO;
				ASSETCATALOG_COMPILER_GENERATE_SWIFT_ASSET_SYMBOL_EXTENSIONS = YES;
				CLANG_ANALYZER_NONNULL = YES;
				CLANG_ANALYZER_NUMBER_OBJECT_CONVERSION = YES_AGGRESSIVE;
				CLANG_CXX_LANGUAGE_STANDARD = "gnu++20";
				CLANG_ENABLE_MODULES = YES;
				CLANG_ENABLE_OBJC_ARC = YES;
				CLANG_ENABLE_OBJC_WEAK = YES;
				CLANG_WARN_BLOCK_CAPTURE_AUTORELEASING = YES;
				CLANG_WARN_BOOL_CONVERSION = YES;
				CLANG_WARN_COMMA = YES;
				CLANG_WARN_CONSTANT_CONVERSION = YES;
				CLANG_WARN_DEPRECATED_OBJC_IMPLEMENTATIONS = YES;
				CLANG_WARN_DIRECT_OBJC_ISA_USAGE = YES_ERROR;
				CLANG_WARN_DOCUMENTATION_COMMENTS = YES;
				CLANG_WARN_EMPTY_BODY = YES;
				CLANG_WARN_ENUM_CONVERSION = YES;
				CLANG_WARN_INFINITE_RECURSION = YES;
				CLANG_WARN_INT_CONVERSION = YES;
				CLANG_WARN_NON_LITERAL_NULL_CONVERSION = YES;
				CLANG_WARN_OBJC_IMPLICIT_RETAIN_SELF = YES;
				CLANG_WARN_OBJC_LITERAL_CONVERSION = YES;
				CLANG_WARN_OBJC_ROOT_CLASS = YES_ERROR;
				CLANG_WARN_QUOTED_INCLUDE_IN_FRAMEWORK_HEADER = YES;
				CLANG_WARN_RANGE_LOOP_ANALYSIS = YES;
				CLANG_WARN_STRICT_PROTOTYPES = YES;
				CLANG_WARN_SUSPICIOUS_MOVE = YES;
				CLANG_WARN_UNGUARDED_AVAILABILITY = YES_AGGRESSIVE;
				CLANG_WARN_UNREACHABLE_CODE = YES;
				CLANG_WARN__DUPLICATE_METHOD_MATCH = YES;
				COPY_PHASE_STRIP = NO;
				DEBUG_INFORMATION_FORMAT = dwarf;
				DEVELOPMENT_TEAM = SQ5TMVXMH4;
				ENABLE_STRICT_OBJC_MSGSEND = YES;
				ENABLE_TESTABILITY = YES;
				ENABLE_USER_SCRIPT_SANDBOXING = YES;
				GCC_C_LANGUAGE_STANDARD = gnu17;
				GCC_DYNAMIC_NO_PIC = NO;
				GCC_NO_COMMON_BLOCKS = YES;
				GCC_OPTIMIZATION_LEVEL = 0;
				GCC_PREPROCESSOR_DEFINITIONS = (
					"DEBUG=1",
					"$(inherited)",
				);
				GCC_WARN_64_TO_32_BIT_CONVERSION = YES;
				GCC_WARN_ABOUT_RETURN_TYPE = YES_ERROR;
				GCC_WARN_UNDECLARED_SELECTOR = YES;
				GCC_WARN_UNINITIALIZED_AUTOS = YES_AGGRESSIVE;
				GCC_WARN_UNUSED_FUNCTION = YES;
				GCC_WARN_UNUSED_VARIABLE = YES;
				LOCALIZATION_PREFERS_STRING_CATALOGS = YES;
				MTL_ENABLE_DEBUG_INFO = INCLUDE_SOURCE;
				MTL_FAST_MATH = YES;
				ONLY_ACTIVE_ARCH = YES;
				SWIFT_ACTIVE_COMPILATION_CONDITIONS = "DEBUG $(inherited)";
				SWIFT_OPTIMIZATION_LEVEL = "-Onone";
			};
			name = Debug;
		};
		86A28B7D2E6EFB5B00C25AF1 /* Release */ = {
			isa = XCBuildConfiguration;
			buildSettings = {
				ALWAYS_SEARCH_USER_PATHS = NO;
				ASSETCATALOG_COMPILER_GENERATE_SWIFT_ASSET_SYMBOL_EXTENSIONS = YES;
				CLANG_ANALYZER_NONNULL = YES;
				CLANG_ANALYZER_NUMBER_OBJECT_CONVERSION = YES_AGGRESSIVE;
				CLANG_CXX_LANGUAGE_STANDARD = "gnu++20";
				CLANG_ENABLE_MODULES = YES;
				CLANG_ENABLE_OBJC_ARC = YES;
				CLANG_ENABLE_OBJC_WEAK = YES;
				CLANG_WARN_BLOCK_CAPTURE_AUTORELEASING = YES;
				CLANG_WARN_BOOL_CONVERSION = YES;
				CLANG_WARN_COMMA = YES;
				CLANG_WARN_CONSTANT_CONVERSION = YES;
				CLANG_WARN_DEPRECATED_OBJC_IMPLEMENTATIONS = YES;
				CLANG_WARN_DIRECT_OBJC_ISA_USAGE = YES_ERROR;
				CLANG_WARN_DOCUMENTATION_COMMENTS = YES;
				CLANG_WARN_EMPTY_BODY = YES;
				CLANG_WARN_ENUM_CONVERSION = YES;
				CLANG_WARN_INFINITE_RECURSION = YES;
				CLANG_WARN_INT_CONVERSION = YES;
				CLANG_WARN_NON_LITERAL_NULL_CONVERSION = YES;
				CLANG_WARN_OBJC_IMPLICIT_RETAIN_SELF = YES;
				CLANG_WARN_OBJC_LITERAL_CONVERSION = YES;
				CLANG_WARN_OBJC_ROOT_CLASS = YES_ERROR;
				CLANG_WARN_QUOTED_INCLUDE_IN_FRAMEWORK_HEADER = YES;
				CLANG_WARN_RANGE_LOOP_ANALYSIS = YES;
				CLANG_WARN_STRICT_PROTOTYPES = YES;
				CLANG_WARN_SUSPICIOUS_MOVE = YES;
				CLANG_WARN_UNGUARDED_AVAILABILITY = YES_AGGRESSIVE;
				CLANG_WARN_UNREACHABLE_CODE = YES;
				CLANG_WARN__DUPLICATE_METHOD_MATCH = YES;
				COPY_PHASE_STRIP = NO;
				DEBUG_INFORMATION_FORMAT = "dwarf-with-dsym";
				DEVELOPMENT_TEAM = SQ5TMVXMH4;
				ENABLE_NS_ASSERTIONS = NO;
				ENABLE_STRICT_OBJC_MSGSEND = YES;
				ENABLE_USER_SCRIPT_SANDBOXING = YES;
				GCC_C_LANGUAGE_STANDARD = gnu17;
				GCC_NO_COMMON_BLOCKS = YES;
				GCC_WARN_64_TO_32_BIT_CONVERSION = YES;
				GCC_WARN_ABOUT_RETURN_TYPE = YES_ERROR;
				GCC_WARN_UNDECLARED_SELECTOR = YES;
				GCC_WARN_UNINITIALIZED_AUTOS = YES_AGGRESSIVE;
				GCC_WARN_UNUSED_FUNCTION = YES;
				GCC_WARN_UNUSED_VARIABLE = YES;
				LOCALIZATION_PREFERS_STRING_CATALOGS = YES;
				MTL_ENABLE_DEBUG_INFO = NO;
				MTL_FAST_MATH = YES;
				SWIFT_COMPILATION_MODE = wholemodule;
			};
			name = Release;
		};
		86A28B7F2E6EFB5B00C25AF1 /* Debug */ = {
			isa = XCBuildConfiguration;
			buildSettings = {
				ASSETCATALOG_COMPILER_APPICON_NAME = AppIcon;
				ASSETCATALOG_COMPILER_GLOBAL_ACCENT_COLOR_NAME = AccentColor;
				CODE_SIGN_ENTITLEMENTS = thesis/thesis.entitlements;
				"CODE_SIGN_IDENTITY[sdk=macosx*]" = "Apple Development";
				CODE_SIGN_STYLE = Automatic;
				CURRENT_PROJECT_VERSION = 1;
				DEVELOPMENT_TEAM = C663R69DZ8;
				ENABLE_APP_SANDBOX = YES;
				ENABLE_HARDENED_RUNTIME = YES;
				ENABLE_PREVIEWS = YES;
				ENABLE_USER_SELECTED_FILES = readonly;
				GENERATE_INFOPLIST_FILE = YES;
				INFOPLIST_KEY_CFBundleDisplayName = thesis;
				INFOPLIST_KEY_LSApplicationCategoryType = "public.app-category.books";
				"INFOPLIST_KEY_UIApplicationSceneManifest_Generation[sdk=iphoneos*]" = YES;
				"INFOPLIST_KEY_UIApplicationSceneManifest_Generation[sdk=iphonesimulator*]" = YES;
				"INFOPLIST_KEY_UIApplicationSupportsIndirectInputEvents[sdk=iphoneos*]" = YES;
				"INFOPLIST_KEY_UIApplicationSupportsIndirectInputEvents[sdk=iphonesimulator*]" = YES;
				"INFOPLIST_KEY_UILaunchScreen_Generation[sdk=iphoneos*]" = YES;
				"INFOPLIST_KEY_UILaunchScreen_Generation[sdk=iphonesimulator*]" = YES;
				"INFOPLIST_KEY_UIStatusBarStyle[sdk=iphoneos*]" = UIStatusBarStyleDefault;
				"INFOPLIST_KEY_UIStatusBarStyle[sdk=iphonesimulator*]" = UIStatusBarStyleDefault;
				INFOPLIST_KEY_UISupportedInterfaceOrientations_iPad = "UIInterfaceOrientationPortrait UIInterfaceOrientationPortraitUpsideDown UIInterfaceOrientationLandscapeLeft UIInterfaceOrientationLandscapeRight";
				INFOPLIST_KEY_UISupportedInterfaceOrientations_iPhone = "UIInterfaceOrientationPortrait UIInterfaceOrientationLandscapeLeft UIInterfaceOrientationLandscapeRight";
				IPHONEOS_DEPLOYMENT_TARGET = 18.6;
				LD_RUNPATH_SEARCH_PATHS = "@executable_path/Frameworks";
				"LD_RUNPATH_SEARCH_PATHS[sdk=macosx*]" = "@executable_path/../Frameworks";
				MACOSX_DEPLOYMENT_TARGET = 26.0;
				MARKETING_VERSION = 1.0;
				PRODUCT_BUNDLE_IDENTIFIER = info.451.thesis;
				PRODUCT_NAME = "$(TARGET_NAME)";
				REGISTER_APP_GROUPS = YES;
				SDKROOT = auto;
				STRING_CATALOG_GENERATE_SYMBOLS = YES;
				SUPPORTED_PLATFORMS = "iphoneos iphonesimulator macosx xros xrsimulator";
				SWIFT_APPROACHABLE_CONCURRENCY = YES;
				SWIFT_DEFAULT_ACTOR_ISOLATION = MainActor;
				SWIFT_EMIT_LOC_STRINGS = YES;
				SWIFT_UPCOMING_FEATURE_MEMBER_IMPORT_VISIBILITY = YES;
				SWIFT_VERSION = 5.0;
				TARGETED_DEVICE_FAMILY = "1,2,7";
				XROS_DEPLOYMENT_TARGET = 26.0;
			};
			name = Debug;
		};
		86A28B802E6EFB5B00C25AF1 /* Release */ = {
			isa = XCBuildConfiguration;
			buildSettings = {
				ASSETCATALOG_COMPILER_APPICON_NAME = AppIcon;
				ASSETCATALOG_COMPILER_GLOBAL_ACCENT_COLOR_NAME = AccentColor;
				CODE_SIGN_ENTITLEMENTS = thesis/thesis.entitlements;
				"CODE_SIGN_IDENTITY[sdk=macosx*]" = "Apple Development";
				CODE_SIGN_STYLE = Automatic;
				CURRENT_PROJECT_VERSION = 1;
				DEVELOPMENT_TEAM = C663R69DZ8;
				ENABLE_APP_SANDBOX = YES;
				ENABLE_HARDENED_RUNTIME = YES;
				ENABLE_PREVIEWS = YES;
				ENABLE_USER_SELECTED_FILES = readonly;
				GENERATE_INFOPLIST_FILE = YES;
				INFOPLIST_KEY_CFBundleDisplayName = thesis;
				INFOPLIST_KEY_LSApplicationCategoryType = "public.app-category.books";
				"INFOPLIST_KEY_UIApplicationSceneManifest_Generation[sdk=iphoneos*]" = YES;
				"INFOPLIST_KEY_UIApplicationSceneManifest_Generation[sdk=iphonesimulator*]" = YES;
				"INFOPLIST_KEY_UIApplicationSupportsIndirectInputEvents[sdk=iphoneos*]" = YES;
				"INFOPLIST_KEY_UIApplicationSupportsIndirectInputEvents[sdk=iphonesimulator*]" = YES;
				"INFOPLIST_KEY_UILaunchScreen_Generation[sdk=iphoneos*]" = YES;
				"INFOPLIST_KEY_UILaunchScreen_Generation[sdk=iphonesimulator*]" = YES;
				"INFOPLIST_KEY_UIStatusBarStyle[sdk=iphoneos*]" = UIStatusBarStyleDefault;
				"INFOPLIST_KEY_UIStatusBarStyle[sdk=iphonesimulator*]" = UIStatusBarStyleDefault;
				INFOPLIST_KEY_UISupportedInterfaceOrientations_iPad = "UIInterfaceOrientationPortrait UIInterfaceOrientationPortraitUpsideDown UIInterfaceOrientationLandscapeLeft UIInterfaceOrientationLandscapeRight";
				INFOPLIST_KEY_UISupportedInterfaceOrientations_iPhone = "UIInterfaceOrientationPortrait UIInterfaceOrientationLandscapeLeft UIInterfaceOrientationLandscapeRight";
				IPHONEOS_DEPLOYMENT_TARGET = 18.6;
				LD_RUNPATH_SEARCH_PATHS = "@executable_path/Frameworks";
				"LD_RUNPATH_SEARCH_PATHS[sdk=macosx*]" = "@executable_path/../Frameworks";
				MACOSX_DEPLOYMENT_TARGET = 26.0;
				MARKETING_VERSION = 1.0;
				PRODUCT_BUNDLE_IDENTIFIER = info.451.thesis;
				PRODUCT_NAME = "$(TARGET_NAME)";
				REGISTER_APP_GROUPS = YES;
				SDKROOT = auto;
				STRING_CATALOG_GENERATE_SYMBOLS = YES;
				SUPPORTED_PLATFORMS = "iphoneos iphonesimulator macosx xros xrsimulator";
				SWIFT_APPROACHABLE_CONCURRENCY = YES;
				SWIFT_DEFAULT_ACTOR_ISOLATION = MainActor;
				SWIFT_EMIT_LOC_STRINGS = YES;
				SWIFT_UPCOMING_FEATURE_MEMBER_IMPORT_VISIBILITY = YES;
				SWIFT_VERSION = 5.0;
				TARGETED_DEVICE_FAMILY = "1,2,7";
				XROS_DEPLOYMENT_TARGET = 26.0;
			};
			name = Release;
		};
		86A28B822E6EFB5B00C25AF1 /* Debug */ = {
			isa = XCBuildConfiguration;
			buildSettings = {
				BUNDLE_LOADER = "$(TEST_HOST)";
				CODE_SIGN_STYLE = Automatic;
				CURRENT_PROJECT_VERSION = 1;
				DEVELOPMENT_TEAM = SQ5TMVXMH4;
				GENERATE_INFOPLIST_FILE = YES;
				IPHONEOS_DEPLOYMENT_TARGET = 26.0;
				MACOSX_DEPLOYMENT_TARGET = 26.0;
				MARKETING_VERSION = 1.0;
				PRODUCT_BUNDLE_IDENTIFIER = thesis.wordsmatterTests;
				PRODUCT_NAME = "$(TARGET_NAME)";
				SDKROOT = auto;
				STRING_CATALOG_GENERATE_SYMBOLS = NO;
				SUPPORTED_PLATFORMS = "iphoneos iphonesimulator macosx xros xrsimulator";
				SWIFT_APPROACHABLE_CONCURRENCY = YES;
				SWIFT_EMIT_LOC_STRINGS = NO;
				SWIFT_UPCOMING_FEATURE_MEMBER_IMPORT_VISIBILITY = YES;
				SWIFT_VERSION = 5.0;
				TARGETED_DEVICE_FAMILY = "1,2,7";
				TEST_HOST = "$(BUILT_PRODUCTS_DIR)/thesis.app/$(BUNDLE_EXECUTABLE_FOLDER_PATH)/thesis";
				XROS_DEPLOYMENT_TARGET = 26.0;
			};
			name = Debug;
		};
		86A28B832E6EFB5B00C25AF1 /* Release */ = {
			isa = XCBuildConfiguration;
			buildSettings = {
				BUNDLE_LOADER = "$(TEST_HOST)";
				CODE_SIGN_STYLE = Automatic;
				CURRENT_PROJECT_VERSION = 1;
				DEVELOPMENT_TEAM = SQ5TMVXMH4;
				GENERATE_INFOPLIST_FILE = YES;
				IPHONEOS_DEPLOYMENT_TARGET = 26.0;
				MACOSX_DEPLOYMENT_TARGET = 26.0;
				MARKETING_VERSION = 1.0;
				PRODUCT_BUNDLE_IDENTIFIER = thesis.wordsmatterTests;
				PRODUCT_NAME = "$(TARGET_NAME)";
				SDKROOT = auto;
				STRING_CATALOG_GENERATE_SYMBOLS = NO;
				SUPPORTED_PLATFORMS = "iphoneos iphonesimulator macosx xros xrsimulator";
				SWIFT_APPROACHABLE_CONCURRENCY = YES;
				SWIFT_EMIT_LOC_STRINGS = NO;
				SWIFT_UPCOMING_FEATURE_MEMBER_IMPORT_VISIBILITY = YES;
				SWIFT_VERSION = 5.0;
				TARGETED_DEVICE_FAMILY = "1,2,7";
				TEST_HOST = "$(BUILT_PRODUCTS_DIR)/thesis.app/$(BUNDLE_EXECUTABLE_FOLDER_PATH)/thesis";
				XROS_DEPLOYMENT_TARGET = 26.0;
			};
			name = Release;
		};
		86A28B852E6EFB5B00C25AF1 /* Debug */ = {
			isa = XCBuildConfiguration;
			buildSettings = {
				CODE_SIGN_STYLE = Automatic;
				CURRENT_PROJECT_VERSION = 1;
				DEVELOPMENT_TEAM = SQ5TMVXMH4;
				GENERATE_INFOPLIST_FILE = YES;
				IPHONEOS_DEPLOYMENT_TARGET = 26.0;
				MACOSX_DEPLOYMENT_TARGET = 26.0;
				MARKETING_VERSION = 1.0;
				PRODUCT_BUNDLE_IDENTIFIER = bibi.wordsmatterUITests;
				PRODUCT_NAME = "$(TARGET_NAME)";
				SDKROOT = auto;
				STRING_CATALOG_GENERATE_SYMBOLS = NO;
				SUPPORTED_PLATFORMS = "iphoneos iphonesimulator macosx xros xrsimulator";
				SWIFT_APPROACHABLE_CONCURRENCY = YES;
				SWIFT_EMIT_LOC_STRINGS = NO;
				SWIFT_UPCOMING_FEATURE_MEMBER_IMPORT_VISIBILITY = YES;
				SWIFT_VERSION = 5.0;
				TARGETED_DEVICE_FAMILY = "1,2,7";
				TEST_TARGET_NAME = wordsmatter;
				XROS_DEPLOYMENT_TARGET = 26.0;
			};
			name = Debug;
		};
		86A28B862E6EFB5B00C25AF1 /* Release */ = {
			isa = XCBuildConfiguration;
			buildSettings = {
				CODE_SIGN_STYLE = Automatic;
				CURRENT_PROJECT_VERSION = 1;
				DEVELOPMENT_TEAM = SQ5TMVXMH4;
				GENERATE_INFOPLIST_FILE = YES;
				IPHONEOS_DEPLOYMENT_TARGET = 26.0;
				MACOSX_DEPLOYMENT_TARGET = 26.0;
				MARKETING_VERSION = 1.0;
				PRODUCT_BUNDLE_IDENTIFIER = bibi.wordsmatterUITests;
				PRODUCT_NAME = "$(TARGET_NAME)";
				SDKROOT = auto;
				STRING_CATALOG_GENERATE_SYMBOLS = NO;
				SUPPORTED_PLATFORMS = "iphoneos iphonesimulator macosx xros xrsimulator";
				SWIFT_APPROACHABLE_CONCURRENCY = YES;
				SWIFT_EMIT_LOC_STRINGS = NO;
				SWIFT_UPCOMING_FEATURE_MEMBER_IMPORT_VISIBILITY = YES;
				SWIFT_VERSION = 5.0;
				TARGETED_DEVICE_FAMILY = "1,2,7";
				TEST_TARGET_NAME = wordsmatter;
				XROS_DEPLOYMENT_TARGET = 26.0;
			};
			name = Release;
		};
		B388D6704C204488A418CF35 /* Release */ = {
			isa = XCBuildConfiguration;
			buildSettings = {
				ASSETCATALOG_COMPILER_APPICON_NAME = AppIcon;
				ASSETCATALOG_COMPILER_GLOBAL_ACCENT_COLOR_NAME = AccentColor;
				CODE_SIGN_ENTITLEMENTS = Signator/Signator/Signator.entitlements;
				CODE_SIGN_STYLE = Automatic;
				CURRENT_PROJECT_VERSION = 1;
				DEVELOPMENT_TEAM = C663R69DZ8;
				ENABLE_PREVIEWS = YES;
				GENERATE_INFOPLIST_FILE = YES;
				INFOPLIST_FILE = Signator/Signator/Info.plist;
				"INFOPLIST_KEY_UIApplicationSceneManifest_Generation[sdk=iphoneos*]" = YES;
				"INFOPLIST_KEY_UIApplicationSceneManifest_Generation[sdk=iphonesimulator*]" = YES;
				"INFOPLIST_KEY_UIApplicationSupportsIndirectInputEvents[sdk=iphoneos*]" = YES;
				"INFOPLIST_KEY_UIApplicationSupportsIndirectInputEvents[sdk=iphonesimulator*]" = YES;
				"INFOPLIST_KEY_UILaunchScreen_Generation[sdk=iphoneos*]" = YES;
				"INFOPLIST_KEY_UILaunchScreen_Generation[sdk=iphonesimulator*]" = YES;
				"INFOPLIST_KEY_UIStatusBarStyle[sdk=iphoneos*]" = UIStatusBarStyleDefault;
				"INFOPLIST_KEY_UIStatusBarStyle[sdk=iphonesimulator*]" = UIStatusBarStyleDefault;
				INFOPLIST_KEY_UISupportedInterfaceOrientations_iPad = "UIInterfaceOrientationPortrait UIInterfaceOrientationPortraitUpsideDown UIInterfaceOrientationLandscapeLeft UIInterfaceOrientationLandscapeRight";
				INFOPLIST_KEY_UISupportedInterfaceOrientations_iPhone = "UIInterfaceOrientationPortrait UIInterfaceOrientationLandscapeLeft UIInterfaceOrientationLandscapeRight";
				IPHONEOS_DEPLOYMENT_TARGET = 18.4;
				LD_RUNPATH_SEARCH_PATHS = "@executable_path/Frameworks";
				"LD_RUNPATH_SEARCH_PATHS[sdk=macosx*]" = "@executable_path/../Frameworks";
				MACOSX_DEPLOYMENT_TARGET = 15.4;
				MARKETING_VERSION = 1.0;
				PRODUCT_BUNDLE_IDENTIFIER = info.451.signator;
				PRODUCT_NAME = "$(TARGET_NAME)";
				REGISTER_APP_GROUPS = YES;
				SDKROOT = auto;
				SUPPORTED_PLATFORMS = "iphoneos iphonesimulator macosx xros xrsimulator";
				SWIFT_EMIT_LOC_STRINGS = YES;
				SWIFT_VERSION = 5.0;
				TARGETED_DEVICE_FAMILY = "1,2,7";
				XROS_DEPLOYMENT_TARGET = 2.4;
			};
			name = Release;
		};
/* End XCBuildConfiguration section */

/* Begin XCConfigurationList section */
		758A70EC281F4439BAD23549 /* Build configuration list for PBXNativeTarget "Signator" */ = {
			isa = XCConfigurationList;
			buildConfigurations = (
				4F5021B2BFAD4C35A05F1044 /* Debug */,
				B388D6704C204488A418CF35 /* Release */,
			);
			defaultConfigurationIsVisible = 0;
			defaultConfigurationName = Release;
		};
		86A28B582E6EFB5700C25AF1 /* Build configuration list for PBXProject "451Clients" */ = {
			isa = XCConfigurationList;
			buildConfigurations = (
				86A28B7C2E6EFB5B00C25AF1 /* Debug */,
				86A28B7D2E6EFB5B00C25AF1 /* Release */,
			);
			defaultConfigurationIsVisible = 0;
			defaultConfigurationName = Release;
		};
		86A28B7E2E6EFB5B00C25AF1 /* Build configuration list for PBXNativeTarget "thesis" */ = {
			isa = XCConfigurationList;
			buildConfigurations = (
				86A28B7F2E6EFB5B00C25AF1 /* Debug */,
				86A28B802E6EFB5B00C25AF1 /* Release */,
			);
			defaultConfigurationIsVisible = 0;
			defaultConfigurationName = Release;
		};
		86A28B812E6EFB5B00C25AF1 /* Build configuration list for PBXNativeTarget "thesisTests" */ = {
			isa = XCConfigurationList;
			buildConfigurations = (
				86A28B822E6EFB5B00C25AF1 /* Debug */,
				86A28B832E6EFB5B00C25AF1 /* Release */,
			);
			defaultConfigurationIsVisible = 0;
			defaultConfigurationName = Release;
		};
		86A28B842E6EFB5B00C25AF1 /* Build configuration list for PBXNativeTarget "thesisUITests" */ = {
			isa = XCConfigurationList;
			buildConfigurations = (
				86A28B852E6EFB5B00C25AF1 /* Debug */,
				86A28B862E6EFB5B00C25AF1 /* Release */,
			);
			defaultConfigurationIsVisible = 0;
			defaultConfigurationName = Release;
		};
/* End XCConfigurationList section */

/* Begin XCLocalSwiftPackageReference section */
		B6F041812FE0CEDF00B53555 /* XCLocalSwiftPackageReference "451Core" */ = {
			isa = XCLocalSwiftPackageReference;
			relativePath = 451Core;
		};
/* End XCLocalSwiftPackageReference section */

/* Begin XCRemoteSwiftPackageReference section */
		B61BF44C2FEAF21600F58A8C /* XCRemoteSwiftPackageReference "BigInt" */ = {
			isa = XCRemoteSwiftPackageReference;
			repositoryURL = "https://github.com/attaswift/BigInt";
			requirement = {
				kind = upToNextMajorVersion;
				minimumVersion = 5.1.0;
			};
		};
		B67581A82FC70B1500104D92 /* XCRemoteSwiftPackageReference "RichTextKit" */ = {
			isa = XCRemoteSwiftPackageReference;
			repositoryURL = "https://github.com/danielsaidi/RichTextKit";
			requirement = {
				kind = upToNextMajorVersion;
				minimumVersion = 1.2.0;
			};
		};
/* End XCRemoteSwiftPackageReference section */

/* Begin XCSwiftPackageProductDependency section */
		B61BF44D2FEAF21600F58A8C /* BigInt */ = {
			isa = XCSwiftPackageProductDependency;
			package = B61BF44C2FEAF21600F58A8C /* XCRemoteSwiftPackageReference "BigInt" */;
			productName = BigInt;
		};
		B6BD6A232FC70BB100007593 /* RichTextKit */ = {
			isa = XCSwiftPackageProductDependency;
			package = B67581A82FC70B1500104D92 /* XCRemoteSwiftPackageReference "RichTextKit" */;
			productName = RichTextKit;
		};
		B6F041822FE0CEF400B53555 /* Core451 */ = {
			isa = XCSwiftPackageProductDependency;
			package = B6F041812FE0CEDF00B53555 /* XCLocalSwiftPackageReference "451Core" */;
			productName = Core451;
		};
/* End XCSwiftPackageProductDependency section */
	};
	rootObject = 86A28B552E6EFB5700C25AF1 /* Project object */;
}
