// !$*UTF8*$!
{
	archiveVersion = 1;
	classes = {
	};
	objectVersion = 77;
	objects = {

/* Begin PBXBuildFile section */
		B689F5002F44B33E006E10EE /* QuickActionMediaCaptureView.swift in Sources */ = {isa = PBXBuildFile; fileRef = B689F4FF2F44B33E006E10EE /* QuickActionMediaCaptureView.swift */; };
/* End PBXBuildFile section */

/* Begin PBXContainerItemProxy section */
		F8B477B72DACC7F900DD59B7 /* PBXContainerItemProxy */ = {
			isa = PBXContainerItemProxy;
			containerPortal = F8B477A02DACC7F800DD59B7 /* Project object */;
			proxyType = 1;
			remoteGlobalIDString = F8B477A72DACC7F800DD59B7;
			remoteInfo = Signator;
		};
		F8B477C12DACC7F900DD59B7 /* PBXContainerItemProxy */ = {
			isa = PBXContainerItemProxy;
			containerPortal = F8B477A02DACC7F800DD59B7 /* Project object */;
			proxyType = 1;
			remoteGlobalIDString = F8B477A72DACC7F800DD59B7;
			remoteInfo = Signator;
		};
/* End PBXContainerItemProxy section */

/* Begin PBXFileReference section */
		B689F4FF2F44B33E006E10EE /* QuickActionMediaCaptureView.swift */ = {isa = PBXFileReference; lastKnownFileType = sourcecode.swift; path = QuickActionMediaCaptureView.swift; sourceTree = "<group>"; };
		F8B477A82DACC7F800DD59B7 /* Signator.app */ = {isa = PBXFileReference; explicitFileType = wrapper.application; includeInIndex = 0; path = Signator.app; sourceTree = BUILT_PRODUCTS_DIR; };
		F8B477B62DACC7F900DD59B7 /* SignatorTests.xctest */ = {isa = PBXFileReference; explicitFileType = wrapper.cfbundle; includeInIndex = 0; path = SignatorTests.xctest; sourceTree = BUILT_PRODUCTS_DIR; };
		F8B477C02DACC7F900DD59B7 /* SignatorUITests.xctest */ = {isa = PBXFileReference; explicitFileType = wrapper.cfbundle; includeInIndex = 0; path = SignatorUITests.xctest; sourceTree = BUILT_PRODUCTS_DIR; };
/* End PBXFileReference section */

/* Begin PBXFileSystemSynchronizedBuildFileExceptionSet section */
		86AB90572DC9989100D0A268 /* Exceptions for "Signator" folder in "Signator" target */ = {
			isa = PBXFileSystemSynchronizedBuildFileExceptionSet;
			membershipExceptions = (
				DocumentSigningIntegrationExamples.swift2,
				DocumentSigningServiceTests.swift2,
				Info.plist,
			);
			target = F8B477A72DACC7F800DD59B7 /* Signator */;
		};
/* End PBXFileSystemSynchronizedBuildFileExceptionSet section */

/* Begin PBXFileSystemSynchronizedGroupBuildPhaseMembershipExceptionSet section */
		863859DF2EB0010F00E0C1A5 /* Exceptions for "Signator" folder in "Compile Sources" phase from "Signator" target */ = {
			isa = PBXFileSystemSynchronizedGroupBuildPhaseMembershipExceptionSet;
			buildPhase = F8B477A42DACC7F800DD59B7 /* Sources */;
			membershipExceptions = (
				DocumentSigningIntegrationExamples.swift2,
				DocumentSigningServiceTests.swift2,
			);
		};
/* End PBXFileSystemSynchronizedGroupBuildPhaseMembershipExceptionSet section */

/* Begin PBXFileSystemSynchronizedRootGroup section */
		86353EE42F2908CF00C6036B /* Documentation */ = {
			isa = PBXFileSystemSynchronizedRootGroup;
			path = Documentation;
			sourceTree = "<group>";
		};
		F8B477AA2DACC7F800DD59B7 /* Signator */ = {
			isa = PBXFileSystemSynchronizedRootGroup;
			exceptions = (
				86AB90572DC9989100D0A268 /* Exceptions for "Signator" folder in "Signator" target */,
				863859DF2EB0010F00E0C1A5 /* Exceptions for "Signator" folder in "Compile Sources" phase from "Signator" target */,
			);
			path = Signator;
			sourceTree = "<group>";
		};
		F8B477B92DACC7F900DD59B7 /* SignatorTests */ = {
			isa = PBXFileSystemSynchronizedRootGroup;
			path = SignatorTests;
			sourceTree = "<group>";
		};
		F8B477C32DACC7F900DD59B7 /* SignatorUITests */ = {
			isa = PBXFileSystemSynchronizedRootGroup;
			path = SignatorUITests;
			sourceTree = "<group>";
		};
/* End PBXFileSystemSynchronizedRootGroup section */

/* Begin PBXFrameworksBuildPhase section */
		F8B477A52DACC7F800DD59B7 /* Frameworks */ = {
			isa = PBXFrameworksBuildPhase;
			buildActionMask = 2147483647;
			files = (
			);
			runOnlyForDeploymentPostprocessing = 0;
		};
		F8B477B32DACC7F900DD59B7 /* Frameworks */ = {
			isa = PBXFrameworksBuildPhase;
			buildActionMask = 2147483647;
			files = (
			);
			runOnlyForDeploymentPostprocessing = 0;
		};
		F8B477BD2DACC7F900DD59B7 /* Frameworks */ = {
			isa = PBXFrameworksBuildPhase;
			buildActionMask = 2147483647;
			files = (
			);
			runOnlyForDeploymentPostprocessing = 0;
		};
/* End PBXFrameworksBuildPhase section */

/* Begin PBXGroup section */
		F8B4779F2DACC7F800DD59B7 = {
			isa = PBXGroup;
			children = (
				86353EE42F2908CF00C6036B /* Documentation */,
				F8B477AA2DACC7F800DD59B7 /* Signator */,
				F8B477B92DACC7F900DD59B7 /* SignatorTests */,
				F8B477C32DACC7F900DD59B7 /* SignatorUITests */,
				F8B477A92DACC7F800DD59B7 /* Products */,
				B689F4FF2F44B33E006E10EE /* QuickActionMediaCaptureView.swift */,
			);
			sourceTree = "<group>";
		};
		F8B477A92DACC7F800DD59B7 /* Products */ = {
			isa = PBXGroup;
			children = (
				F8B477A82DACC7F800DD59B7 /* Signator.app */,
				F8B477B62DACC7F900DD59B7 /* SignatorTests.xctest */,
				F8B477C02DACC7F900DD59B7 /* SignatorUITests.xctest */,
			);
			name = Products;
			sourceTree = "<group>";
		};
/* End PBXGroup section */

/* Begin PBXNativeTarget section */
		F8B477A72DACC7F800DD59B7 /* Signator */ = {
			isa = PBXNativeTarget;
			buildConfigurationList = F8B477CA2DACC7F900DD59B7 /* Build configuration list for PBXNativeTarget "Signator" */;
			buildPhases = (
				F8B477A42DACC7F800DD59B7 /* Sources */,
				F8B477A52DACC7F800DD59B7 /* Frameworks */,
				F8B477A62DACC7F800DD59B7 /* Resources */,
			);
			buildRules = (
			);
			dependencies = (
			);
			fileSystemSynchronizedGroups = (
				86353EE42F2908CF00C6036B /* Documentation */,
				F8B477AA2DACC7F800DD59B7 /* Signator */,
			);
			name = Signator;
			packageProductDependencies = (
			);
			productName = Signator;
			productReference = F8B477A82DACC7F800DD59B7 /* Signator.app */;
			productType = "com.apple.product-type.application";
		};
		F8B477B52DACC7F900DD59B7 /* SignatorTests */ = {
			isa = PBXNativeTarget;
			buildConfigurationList = F8B477CD2DACC7F900DD59B7 /* Build configuration list for PBXNativeTarget "SignatorTests" */;
			buildPhases = (
				F8B477B22DACC7F900DD59B7 /* Sources */,
				F8B477B32DACC7F900DD59B7 /* Frameworks */,
				F8B477B42DACC7F900DD59B7 /* Resources */,
			);
			buildRules = (
			);
			dependencies = (
				F8B477B82DACC7F900DD59B7 /* PBXTargetDependency */,
			);
			fileSystemSynchronizedGroups = (
				F8B477B92DACC7F900DD59B7 /* SignatorTests */,
			);
			name = SignatorTests;
			packageProductDependencies = (
			);
			productName = SignatorTests;
			productReference = F8B477B62DACC7F900DD59B7 /* SignatorTests.xctest */;
			productType = "com.apple.product-type.bundle.unit-test";
		};
		F8B477BF2DACC7F900DD59B7 /* SignatorUITests */ = {
			isa = PBXNativeTarget;
			buildConfigurationList = F8B477D02DACC7F900DD59B7 /* Build configuration list for PBXNativeTarget "SignatorUITests" */;
			buildPhases = (
				F8B477BC2DACC7F900DD59B7 /* Sources */,
				F8B477BD2DACC7F900DD59B7 /* Frameworks */,
				F8B477BE2DACC7F900DD59B7 /* Resources */,
			);
			buildRules = (
			);
			dependencies = (
				F8B477C22DACC7F900DD59B7 /* PBXTargetDependency */,
			);
			fileSystemSynchronizedGroups = (
				F8B477C32DACC7F900DD59B7 /* SignatorUITests */,
			);
			name = SignatorUITests;
			packageProductDependencies = (
			);
			productName = SignatorUITests;
			productReference = F8B477C02DACC7F900DD59B7 /* SignatorUITests.xctest */;
			productType = "com.apple.product-type.bundle.ui-testing";
		};
/* End PBXNativeTarget section */

/* Begin PBXProject section */
		F8B477A02DACC7F800DD59B7 /* Project object */ = {
			isa = PBXProject;
			attributes = {
				BuildIndependentTargetsInParallel = 1;
				LastSwiftUpdateCheck = 1630;
				LastUpgradeCheck = 1630;
				TargetAttributes = {
					F8B477A72DACC7F800DD59B7 = {
						CreatedOnToolsVersion = 16.3;
					};
					F8B477B52DACC7F900DD59B7 = {
						CreatedOnToolsVersion = 16.3;
						TestTargetID = F8B477A72DACC7F800DD59B7;
					};
					F8B477BF2DACC7F900DD59B7 = {
						CreatedOnToolsVersion = 16.3;
						TestTargetID = F8B477A72DACC7F800DD59B7;
					};
				};
			};
			buildConfigurationList = F8B477A32DACC7F800DD59B7 /* Build configuration list for PBXProject "Signator" */;
			developmentRegion = en;
			hasScannedForEncodings = 0;
			knownRegions = (
				en,
				Base,
			);
			mainGroup = F8B4779F2DACC7F800DD59B7;
			minimizedProjectReferenceProxies = 1;
			preferredProjectObjectVersion = 77;
			productRefGroup = F8B477A92DACC7F800DD59B7 /* Products */;
			projectDirPath = "";
			projectRoot = "";
			targets = (
				F8B477A72DACC7F800DD59B7 /* Signator */,
				F8B477B52DACC7F900DD59B7 /* SignatorTests */,
				F8B477BF2DACC7F900DD59B7 /* SignatorUITests */,
			);
		};
/* End PBXProject section */

/* Begin PBXResourcesBuildPhase section */
		F8B477A62DACC7F800DD59B7 /* Resources */ = {
			isa = PBXResourcesBuildPhase;
			buildActionMask = 2147483647;
			files = (
			);
			runOnlyForDeploymentPostprocessing = 0;
		};
		F8B477B42DACC7F900DD59B7 /* Resources */ = {
			isa = PBXResourcesBuildPhase;
			buildActionMask = 2147483647;
			files = (
			);
			runOnlyForDeploymentPostprocessing = 0;
		};
		F8B477BE2DACC7F900DD59B7 /* Resources */ = {
			isa = PBXResourcesBuildPhase;
			buildActionMask = 2147483647;
			files = (
			);
			runOnlyForDeploymentPostprocessing = 0;
		};
/* End PBXResourcesBuildPhase section */

/* Begin PBXSourcesBuildPhase section */
		F8B477A42DACC7F800DD59B7 /* Sources */ = {
			isa = PBXSourcesBuildPhase;
			buildActionMask = 2147483647;
			files = (
				B689F5002F44B33E006E10EE /* QuickActionMediaCaptureView.swift in Sources */,
			);
			runOnlyForDeploymentPostprocessing = 0;
		};
		F8B477B22DACC7F900DD59B7 /* Sources */ = {
			isa = PBXSourcesBuildPhase;
			buildActionMask = 2147483647;
			files = (
			);
			runOnlyForDeploymentPostprocessing = 0;
		};
		F8B477BC2DACC7F900DD59B7 /* Sources */ = {
			isa = PBXSourcesBuildPhase;
			buildActionMask = 2147483647;
			files = (
			);
			runOnlyForDeploymentPostprocessing = 0;
		};
/* End PBXSourcesBuildPhase section */

/* Begin PBXTargetDependency section */
		F8B477B82DACC7F900DD59B7 /* PBXTargetDependency */ = {
			isa = PBXTargetDependency;
			target = F8B477A72DACC7F800DD59B7 /* Signator */;
			targetProxy = F8B477B72DACC7F900DD59B7 /* PBXContainerItemProxy */;
		};
		F8B477C22DACC7F900DD59B7 /* PBXTargetDependency */ = {
			isa = PBXTargetDependency;
			target = F8B477A72DACC7F800DD59B7 /* Signator */;
			targetProxy = F8B477C12DACC7F900DD59B7 /* PBXContainerItemProxy */;
		};
/* End PBXTargetDependency section */

/* Begin XCBuildConfiguration section */
		F8B477C82DACC7F900DD59B7 /* Debug */ = {
			isa = XCBuildConfiguration;
			buildSettings = {
				ALWAYS_SEARCH_USER_PATHS = NO;
				ASSETCATALOG_COMPILER_GENERATE_SWIFT_ASSET_SYMBOL_EXTENSIONS = YES;
				CLANG_ANALYZER_NONNULL = YES;
				CLANG_ANALYZER_NUMBER_OBJECT_CONVERSION = YES_AGGRESSIVE;
				CLANG_CXX_LANGUAGE_STANDARD = "gnu++20";
				CLANG_ENABLE_MODULES = YES;
				CLANG_ENABLE_OBJC_ARC = YES;
				CLANG_ENABLE_OBJC_WEAK = YES;
				CLANG_WARN_BLOCK_CAPTURE_AUTORELEASING = YES;
				CLANG_WARN_BOOL_CONVERSION = YES;
				CLANG_WARN_COMMA = YES;
				CLANG_WARN_CONSTANT_CONVERSION = YES;
				CLANG_WARN_DEPRECATED_OBJC_IMPLEMENTATIONS = YES;
				CLANG_WARN_DIRECT_OBJC_ISA_USAGE = YES_ERROR;
				CLANG_WARN_DOCUMENTATION_COMMENTS = YES;
				CLANG_WARN_EMPTY_BODY = YES;
				CLANG_WARN_ENUM_CONVERSION = YES;
				CLANG_WARN_INFINITE_RECURSION = YES;
				CLANG_WARN_INT_CONVERSION = YES;
				CLANG_WARN_NON_LITERAL_NULL_CONVERSION = YES;
				CLANG_WARN_OBJC_IMPLICIT_RETAIN_SELF = YES;
				CLANG_WARN_OBJC_LITERAL_CONVERSION = YES;
				CLANG_WARN_OBJC_ROOT_CLASS = YES_ERROR;
				CLANG_WARN_QUOTED_INCLUDE_IN_FRAMEWORK_HEADER = YES;
				CLANG_WARN_RANGE_LOOP_ANALYSIS = YES;
				CLANG_WARN_STRICT_PROTOTYPES = YES;
				CLANG_WARN_SUSPICIOUS_MOVE = YES;
				CLANG_WARN_UNGUARDED_AVAILABILITY = YES_AGGRESSIVE;
				CLANG_WARN_UNREACHABLE_CODE = YES;
				CLANG_WARN__DUPLICATE_METHOD_MATCH = YES;
				COPY_PHASE_STRIP = NO;
				DEBUG_INFORMATION_FORMAT = dwarf;
				ENABLE_STRICT_OBJC_MSGSEND = YES;
				ENABLE_TESTABILITY = YES;
				ENABLE_USER_SCRIPT_SANDBOXING = YES;
				GCC_C_LANGUAGE_STANDARD = gnu17;
				GCC_DYNAMIC_NO_PIC = NO;
				GCC_NO_COMMON_BLOCKS = YES;
				GCC_OPTIMIZATION_LEVEL = 0;
				GCC_PREPROCESSOR_DEFINITIONS = (
					"DEBUG=1",
					"$(inherited)",
				);
				GCC_WARN_64_TO_32_BIT_CONVERSION = YES;
				GCC_WARN_ABOUT_RETURN_TYPE = YES_ERROR;
				GCC_WARN_UNDECLARED_SELECTOR = YES;
				GCC_WARN_UNINITIALIZED_AUTOS = YES_AGGRESSIVE;
				GCC_WARN_UNUSED_FUNCTION = YES;
				GCC_WARN_UNUSED_VARIABLE = YES;
				LOCALIZATION_PREFERS_STRING_CATALOGS = YES;
				MTL_ENABLE_DEBUG_INFO = INCLUDE_SOURCE;
				MTL_FAST_MATH = YES;
				ONLY_ACTIVE_ARCH = YES;
				SWIFT_ACTIVE_COMPILATION_CONDITIONS = "DEBUG $(inherited)";
				SWIFT_OPTIMIZATION_LEVEL = "-Onone";
			};
			name = Debug;
		};
		F8B477C92DACC7F900DD59B7 /* Release */ = {
			isa = XCBuildConfiguration;
			buildSettings = {
				ALWAYS_SEARCH_USER_PATHS = NO;
				ASSETCATALOG_COMPILER_GENERATE_SWIFT_ASSET_SYMBOL_EXTENSIONS = YES;
				CLANG_ANALYZER_NONNULL = YES;
				CLANG_ANALYZER_NUMBER_OBJECT_CONVERSION = YES_AGGRESSIVE;
				CLANG_CXX_LANGUAGE_STANDARD = "gnu++20";
				CLANG_ENABLE_MODULES = YES;
				CLANG_ENABLE_OBJC_ARC = YES;
				CLANG_ENABLE_OBJC_WEAK = YES;
				CLANG_WARN_BLOCK_CAPTURE_AUTORELEASING = YES;
				CLANG_WARN_BOOL_CONVERSION = YES;
				CLANG_WARN_COMMA = YES;
				CLANG_WARN_CONSTANT_CONVERSION = YES;
				CLANG_WARN_DEPRECATED_OBJC_IMPLEMENTATIONS = YES;
				CLANG_WARN_DIRECT_OBJC_ISA_USAGE = YES_ERROR;
				CLANG_WARN_DOCUMENTATION_COMMENTS = YES;
				CLANG_WARN_EMPTY_BODY = YES;
				CLANG_WARN_ENUM_CONVERSION = YES;
				CLANG_WARN_INFINITE_RECURSION = YES;
				CLANG_WARN_INT_CONVERSION = YES;
				CLANG_WARN_NON_LITERAL_NULL_CONVERSION = YES;
				CLANG_WARN_OBJC_IMPLICIT_RETAIN_SELF = YES;
				CLANG_WARN_OBJC_LITERAL_CONVERSION = YES;
				CLANG_WARN_OBJC_ROOT_CLASS = YES_ERROR;
				CLANG_WARN_QUOTED_INCLUDE_IN_FRAMEWORK_HEADER = YES;
				CLANG_WARN_RANGE_LOOP_ANALYSIS = YES;
				CLANG_WARN_STRICT_PROTOTYPES = YES;
				CLANG_WARN_SUSPICIOUS_MOVE = YES;
				CLANG_WARN_UNGUARDED_AVAILABILITY = YES_AGGRESSIVE;
				CLANG_WARN_UNREACHABLE_CODE = YES;
				CLANG_WARN__DUPLICATE_METHOD_MATCH = YES;
				COPY_PHASE_STRIP = NO;
				DEBUG_INFORMATION_FORMAT = "dwarf-with-dsym";
				ENABLE_NS_ASSERTIONS = NO;
				ENABLE_STRICT_OBJC_MSGSEND = YES;
				ENABLE_USER_SCRIPT_SANDBOXING = YES;
				GCC_C_LANGUAGE_STANDARD = gnu17;
				GCC_NO_COMMON_BLOCKS = YES;
				GCC_WARN_64_TO_32_BIT_CONVERSION = YES;
				GCC_WARN_ABOUT_RETURN_TYPE = YES_ERROR;
				GCC_WARN_UNDECLARED_SELECTOR = YES;
				GCC_WARN_UNINITIALIZED_AUTOS = YES_AGGRESSIVE;
				GCC_WARN_UNUSED_FUNCTION = YES;
				GCC_WARN_UNUSED_VARIABLE = YES;
				"INFOPLIST_FILE[sdk=*]" = "";
				LOCALIZATION_PREFERS_STRING_CATALOGS = YES;
				MTL_ENABLE_DEBUG_INFO = NO;
				MTL_FAST_MATH = YES;
				SWIFT_COMPILATION_MODE = wholemodule;
			};
			name = Release;
		};
		F8B477CB2DACC7F900DD59B7 /* Debug */ = {
			isa = XCBuildConfiguration;
			buildSettings = {
				ASSETCATALOG_COMPILER_APPICON_NAME = AppIcon;
				ASSETCATALOG_COMPILER_GLOBAL_ACCENT_COLOR_NAME = AccentColor;
				CODE_SIGN_ENTITLEMENTS = Signator/Signator.entitlements;
				CODE_SIGN_STYLE = Automatic;
				CURRENT_PROJECT_VERSION = 1;
				DEVELOPMENT_TEAM = C663R69DZ8;
				ENABLE_PREVIEWS = YES;
				GENERATE_INFOPLIST_FILE = YES;
				INFOPLIST_FILE = Signator/Info.plist;
				"INFOPLIST_KEY_UIApplicationSceneManifest_Generation[sdk=iphoneos*]" = YES;
				"INFOPLIST_KEY_UIApplicationSceneManifest_Generation[sdk=iphonesimulator*]" = YES;
				"INFOPLIST_KEY_UIApplicationSupportsIndirectInputEvents[sdk=iphoneos*]" = YES;
				"INFOPLIST_KEY_UIApplicationSupportsIndirectInputEvents[sdk=iphonesimulator*]" = YES;
				"INFOPLIST_KEY_UILaunchScreen_Generation[sdk=iphoneos*]" = YES;
				"INFOPLIST_KEY_UILaunchScreen_Generation[sdk=iphonesimulator*]" = YES;
				"INFOPLIST_KEY_UIStatusBarStyle[sdk=iphoneos*]" = UIStatusBarStyleDefault;
				"INFOPLIST_KEY_UIStatusBarStyle[sdk=iphonesimulator*]" = UIStatusBarStyleDefault;
				INFOPLIST_KEY_UISupportedInterfaceOrientations_iPad = "UIInterfaceOrientationPortrait UIInterfaceOrientationPortraitUpsideDown UIInterfaceOrientationLandscapeLeft UIInterfaceOrientationLandscapeRight";
				INFOPLIST_KEY_UISupportedInterfaceOrientations_iPhone = "UIInterfaceOrientationPortrait UIInterfaceOrientationLandscapeLeft UIInterfaceOrientationLandscapeRight";
				IPHONEOS_DEPLOYMENT_TARGET = 18.4;
				LD_RUNPATH_SEARCH_PATHS = "@executable_path/Frameworks";
				"LD_RUNPATH_SEARCH_PATHS[sdk=macosx*]" = "@executable_path/../Frameworks";
				MACOSX_DEPLOYMENT_TARGET = 15.4;
				MARKETING_VERSION = 1.0;
				NEW_SETTING = "";
				PRODUCT_BUNDLE_IDENTIFIER = info.451.signator;
				PRODUCT_NAME = "$(TARGET_NAME)";
				REGISTER_APP_GROUPS = YES;
				SDKROOT = auto;
				SUPPORTED_PLATFORMS = "iphoneos iphonesimulator macosx xros xrsimulator";
				SWIFT_EMIT_LOC_STRINGS = YES;
				SWIFT_VERSION = 5.0;
				TARGETED_DEVICE_FAMILY = "1,2,7";
				XROS_DEPLOYMENT_TARGET = 2.4;
			};
			name = Debug;
		};
		F8B477CC2DACC7F900DD59B7 /* Release */ = {
			isa = XCBuildConfiguration;
			buildSettings = {
				ASSETCATALOG_COMPILER_APPICON_NAME = AppIcon;
				ASSETCATALOG_COMPILER_GLOBAL_ACCENT_COLOR_NAME = AccentColor;
				CODE_SIGN_ENTITLEMENTS = Signator/Signator.entitlements;
				CODE_SIGN_STYLE = Automatic;
				CURRENT_PROJECT_VERSION = 1;
				DEVELOPMENT_TEAM = C663R69DZ8;
				ENABLE_PREVIEWS = YES;
				GENERATE_INFOPLIST_FILE = YES;
				INFOPLIST_FILE = Signator/Info.plist;
				"INFOPLIST_KEY_UIApplicationSceneManifest_Generation[sdk=iphoneos*]" = YES;
				"INFOPLIST_KEY_UIApplicationSceneManifest_Generation[sdk=iphonesimulator*]" = YES;
				"INFOPLIST_KEY_UIApplicationSupportsIndirectInputEvents[sdk=iphoneos*]" = YES;
				"INFOPLIST_KEY_UIApplicationSupportsIndirectInputEvents[sdk=iphonesimulator*]" = YES;
				"INFOPLIST_KEY_UILaunchScreen_Generation[sdk=iphoneos*]" = YES;
				"INFOPLIST_KEY_UILaunchScreen_Generation[sdk=iphonesimulator*]" = YES;
				"INFOPLIST_KEY_UIStatusBarStyle[sdk=iphoneos*]" = UIStatusBarStyleDefault;
				"INFOPLIST_KEY_UIStatusBarStyle[sdk=iphonesimulator*]" = UIStatusBarStyleDefault;
				INFOPLIST_KEY_UISupportedInterfaceOrientations_iPad = "UIInterfaceOrientationPortrait UIInterfaceOrientationPortraitUpsideDown UIInterfaceOrientationLandscapeLeft UIInterfaceOrientationLandscapeRight";
				INFOPLIST_KEY_UISupportedInterfaceOrientations_iPhone = "UIInterfaceOrientationPortrait UIInterfaceOrientationLandscapeLeft UIInterfaceOrientationLandscapeRight";
				IPHONEOS_DEPLOYMENT_TARGET = 18.4;
				LD_RUNPATH_SEARCH_PATHS = "@executable_path/Frameworks";
				"LD_RUNPATH_SEARCH_PATHS[sdk=macosx*]" = "@executable_path/../Frameworks";
				MACOSX_DEPLOYMENT_TARGET = 15.4;
				MARKETING_VERSION = 1.0;
				NEW_SETTING = "";
				PRODUCT_BUNDLE_IDENTIFIER = info.451.signator;
				PRODUCT_NAME = "$(TARGET_NAME)";
				REGISTER_APP_GROUPS = YES;
				SDKROOT = auto;
				SUPPORTED_PLATFORMS = "iphoneos iphonesimulator macosx xros xrsimulator";
				SWIFT_EMIT_LOC_STRINGS = YES;
				SWIFT_VERSION = 5.0;
				TARGETED_DEVICE_FAMILY = "1,2,7";
				XROS_DEPLOYMENT_TARGET = 2.4;
			};
			name = Release;
		};
		F8B477CE2DACC7F900DD59B7 /* Debug */ = {
			isa = XCBuildConfiguration;
			buildSettings = {
				BUNDLE_LOADER = "$(TEST_HOST)";
				CODE_SIGN_STYLE = Automatic;
				CURRENT_PROJECT_VERSION = 1;
				GENERATE_INFOPLIST_FILE = YES;
				IPHONEOS_DEPLOYMENT_TARGET = 18.4;
				MACOSX_DEPLOYMENT_TARGET = 15.4;
				MARKETING_VERSION = 1.0;
				PRODUCT_BUNDLE_IDENTIFIER = org.451project.signator.SignatorTests;
				PRODUCT_NAME = "$(TARGET_NAME)";
				SDKROOT = auto;
				SUPPORTED_PLATFORMS = "iphoneos iphonesimulator macosx xros xrsimulator";
				SWIFT_EMIT_LOC_STRINGS = NO;
				SWIFT_VERSION = 5.0;
				TARGETED_DEVICE_FAMILY = "1,2,7";
				TEST_HOST = "$(BUILT_PRODUCTS_DIR)/Signator.app/$(BUNDLE_EXECUTABLE_FOLDER_PATH)/Signator";
				XROS_DEPLOYMENT_TARGET = 2.4;
			};
			name = Debug;
		};
		F8B477CF2DACC7F900DD59B7 /* Release */ = {
			isa = XCBuildConfiguration;
			buildSettings = {
				BUNDLE_LOADER = "$(TEST_HOST)";
				CODE_SIGN_STYLE = Automatic;
				CURRENT_PROJECT_VERSION = 1;
				GENERATE_INFOPLIST_FILE = YES;
				IPHONEOS_DEPLOYMENT_TARGET = 18.4;
				MACOSX_DEPLOYMENT_TARGET = 15.4;
				MARKETING_VERSION = 1.0;
				PRODUCT_BUNDLE_IDENTIFIER = org.451project.signator.SignatorTests;
				PRODUCT_NAME = "$(TARGET_NAME)";
				SDKROOT = auto;
				SUPPORTED_PLATFORMS = "iphoneos iphonesimulator macosx xros xrsimulator";
				SWIFT_EMIT_LOC_STRINGS = NO;
				SWIFT_VERSION = 5.0;
				TARGETED_DEVICE_FAMILY = "1,2,7";
				TEST_HOST = "$(BUILT_PRODUCTS_DIR)/Signator.app/$(BUNDLE_EXECUTABLE_FOLDER_PATH)/Signator";
				XROS_DEPLOYMENT_TARGET = 2.4;
			};
			name = Release;
		};
		F8B477D12DACC7F900DD59B7 /* Debug */ = {
			isa = XCBuildConfiguration;
			buildSettings = {
				CODE_SIGN_STYLE = Automatic;
				CURRENT_PROJECT_VERSION = 1;
				GENERATE_INFOPLIST_FILE = YES;
				IPHONEOS_DEPLOYMENT_TARGET = 18.4;
				MACOSX_DEPLOYMENT_TARGET = 15.4;
				MARKETING_VERSION = 1.0;
				PRODUCT_BUNDLE_IDENTIFIER = org.451project.signator.SignatorUITests;
				PRODUCT_NAME = "$(TARGET_NAME)";
				SDKROOT = auto;
				SUPPORTED_PLATFORMS = "iphoneos iphonesimulator macosx xros xrsimulator";
				SWIFT_EMIT_LOC_STRINGS = NO;
				SWIFT_VERSION = 5.0;
				TARGETED_DEVICE_FAMILY = "1,2,7";
				TEST_TARGET_NAME = Signator;
				XROS_DEPLOYMENT_TARGET = 2.4;
			};
			name = Debug;
		};
		F8B477D22DACC7F900DD59B7 /* Release */ = {
			isa = XCBuildConfiguration;
			buildSettings = {
				CODE_SIGN_STYLE = Automatic;
				CURRENT_PROJECT_VERSION = 1;
				GENERATE_INFOPLIST_FILE = YES;
				IPHONEOS_DEPLOYMENT_TARGET = 18.4;
				MACOSX_DEPLOYMENT_TARGET = 15.4;
				MARKETING_VERSION = 1.0;
				PRODUCT_BUNDLE_IDENTIFIER = org.451project.signator.SignatorUITests;
				PRODUCT_NAME = "$(TARGET_NAME)";
				SDKROOT = auto;
				SUPPORTED_PLATFORMS = "iphoneos iphonesimulator macosx xros xrsimulator";
				SWIFT_EMIT_LOC_STRINGS = NO;
				SWIFT_VERSION = 5.0;
				TARGETED_DEVICE_FAMILY = "1,2,7";
				TEST_TARGET_NAME = Signator;
				XROS_DEPLOYMENT_TARGET = 2.4;
			};
			name = Release;
		};
/* End XCBuildConfiguration section */

/* Begin XCConfigurationList section */
		F8B477A32DACC7F800DD59B7 /* Build configuration list for PBXProject "Signator" */ = {
			isa = XCConfigurationList;
			buildConfigurations = (
				F8B477C82DACC7F900DD59B7 /* Debug */,
				F8B477C92DACC7F900DD59B7 /* Release */,
			);
			defaultConfigurationIsVisible = 0;
			defaultConfigurationName = Release;
		};
		F8B477CA2DACC7F900DD59B7 /* Build configuration list for PBXNativeTarget "Signator" */ = {
			isa = XCConfigurationList;
			buildConfigurations = (
				F8B477CB2DACC7F900DD59B7 /* Debug */,
				F8B477CC2DACC7F900DD59B7 /* Release */,
			);
			defaultConfigurationIsVisible = 0;
			defaultConfigurationName = Release;
		};
		F8B477CD2DACC7F900DD59B7 /* Build configuration list for PBXNativeTarget "SignatorTests" */ = {
			isa = XCConfigurationList;
			buildConfigurations = (
				F8B477CE2DACC7F900DD59B7 /* Debug */,
				F8B477CF2DACC7F900DD59B7 /* Release */,
			);
			defaultConfigurationIsVisible = 0;
			defaultConfigurationName = Release;
		};
		F8B477D02DACC7F900DD59B7 /* Build configuration list for PBXNativeTarget "SignatorUITests" */ = {
			isa = XCConfigurationList;
			buildConfigurations = (
				F8B477D12DACC7F900DD59B7 /* Debug */,
				F8B477D22DACC7F900DD59B7 /* Release */,
			);
			defaultConfigurationIsVisible = 0;
			defaultConfigurationName = Release;
		};
/* End XCConfigurationList section */
	};
	rootObject = F8B477A02DACC7F800DD59B7 /* Project object */;
}
