{
  "originHash" : "eacaa364f8c8fed62df32b07b3382cdf5cb5027c0a8b4a9b26a7d93ba1d36c9a",
  "pins" : [
    {
      "identity" : "bigint",
      "kind" : "remoteSourceControl",
      "location" : "https://github.com/attaswift/BigInt",
      "state" : {
        "revision" : "e07e00fa1fd435143a2dcf8b7eec9a7710b2fdfe",
        "version" : "5.7.0"
      }
    },
    {
      "identity" : "richtextkit",
      "kind" : "remoteSourceControl",
      "location" : "https://github.com/danielsaidi/RichTextKit",
      "state" : {
        "revision" : "8aa44cfa645404ad84e52e3ab7723ecf4b82f92b",
        "version" : "1.2.0"
      }
    }
  ],
  "version" : 3
}
